
Microsoft Visual Studio Solution File, Format Version 12.00
# Visual Studio Version 17
VisualStudioVersion = 17.13.35806.99 d17.13
MinimumVisualStudioVersion = 10.0.40219.1
Project("{FAE04EC0-301F-11D3-BF4B-00C04F79EFBC}") = "solid-sql-tables", "solid-sql-tables.csproj", "{80482657-BF31-400C-81E4-8DD9AC0D8C6A}"
EndProject
Global
	GlobalSection(SolutionConfigurationPlatforms) = preSolution
		Debug|Any CPU = Debug|Any CPU
		Release|Any CPU = Release|Any CPU
	EndGlobalSection
	GlobalSection(ProjectConfigurationPlatforms) = postSolution
		{80482657-BF31-400C-81E4-8DD9AC0D8C6A}.Debug|Any CPU.ActiveCfg = Debug|Any CPU
		{80482657-BF31-400C-81E4-8DD9AC0D8C6A}.Debug|Any CPU.Build.0 = Debug|Any CPU
		{80482657-BF31-400C-81E4-8DD9AC0D8C6A}.Release|Any CPU.ActiveCfg = Release|Any CPU
		{80482657-BF31-400C-81E4-8DD9AC0D8C6A}.Release|Any CPU.Build.0 = Release|Any CPU
	EndGlobalSection
	GlobalSection(SolutionProperties) = preSolution
		HideSolutionNode = FALSE
	EndGlobalSection
	GlobalSection(ExtensibilityGlobals) = postSolution
		SolutionGuid = {05ACAC93-0766-446E-A554-A8EC032687DB}
	EndGlobalSection
EndGlobal
