
Microsoft Visual Studio Solution File, Format Version 12.00
# Visual Studio Version 17
VisualStudioVersion = 17.13.35806.99
MinimumVisualStudioVersion = 10.0.40219.1
Project("{FAE04EC0-301F-11D3-BF4B-00C04F79EFBC}") = "solid-sql-tables.tests", "src\solid-sql-tables.tests\solid-sql-tables.tests.csproj", "{D686906B-A0C6-4A1F-AE7F-13D02622A154}"
EndProject
Project("{FAE04EC0-301F-11D3-BF4B-00C04F79EFBC}") = "solid-sql-tables", "src\solid-sql-tables\solid-sql-tables.csproj", "{78C5C5FE-8284-57DD-5BB6-0F993FF0230E}"
EndProject
Global
	GlobalSection(SolutionConfigurationPlatforms) = preSolution
		Debug|Any CPU = Debug|Any CPU
		Release|Any CPU = Release|Any CPU
	EndGlobalSection
	GlobalSection(ProjectConfigurationPlatforms) = postSolution
		{D686906B-A0C6-4A1F-AE7F-13D02622A154}.Debug|Any CPU.ActiveCfg = Debug|Any CPU
		{D686906B-A0C6-4A1F-AE7F-13D02622A154}.Debug|Any CPU.Build.0 = Debug|Any CPU
		{D686906B-A0C6-4A1F-AE7F-13D02622A154}.Release|Any CPU.ActiveCfg = Release|Any CPU
		{D686906B-A0C6-4A1F-AE7F-13D02622A154}.Release|Any CPU.Build.0 = Release|Any CPU
		{78C5C5FE-8284-57DD-5BB6-0F993FF0230E}.Debug|Any CPU.ActiveCfg = Debug|Any CPU
		{78C5C5FE-8284-57DD-5BB6-0F993FF0230E}.Debug|Any CPU.Build.0 = Debug|Any CPU
		{78C5C5FE-8284-57DD-5BB6-0F993FF0230E}.Release|Any CPU.ActiveCfg = Release|Any CPU
		{78C5C5FE-8284-57DD-5BB6-0F993FF0230E}.Release|Any CPU.Build.0 = Release|Any CPU
	EndGlobalSection
	GlobalSection(SolutionProperties) = preSolution
		HideSolutionNode = FALSE
	EndGlobalSection
	GlobalSection(ExtensibilityGlobals) = postSolution
		SolutionGuid = {05ACAC93-0766-446E-A554-A8EC032687DB}
	EndGlobalSection
EndGlobal
